
Microsoft Visual Studio Solution File, Format Version 12.00
# Visual Studio Version 17
VisualStudioVersion = 17.10.35013.160
MinimumVisualStudioVersion = 10.0.40219.1
Project("{FAE04EC0-301F-11D3-BF4B-00C04F79EFBC}") = "RM_MVC_Core", "RM_MVC_Core\RM_MVC_Core.csproj", "{8F4932ED-2678-4CDF-833B-B875DDA20074}"
EndProject
Project("{2150E333-8FDC-42A3-9474-1A3956D46DE8}") = "Solution files", "Solution files", "{F3DE68BF-0DC0-48F9-AF62-6DBC8637379D}"
EndProject
Global
	GlobalSection(SolutionConfigurationPlatforms) = preSolution
		Debug|Any CPU = Debug|Any CPU
		Release|Any CPU = Release|Any CPU
	EndGlobalSection
	GlobalSection(ProjectConfigurationPlatforms) = postSolution
		{8F4932ED-2678-4CDF-833B-B875DDA20074}.Debug|Any CPU.ActiveCfg = Debug|Any CPU
		{8F4932ED-2678-4CDF-833B-B875DDA20074}.Debug|Any CPU.Build.0 = Debug|Any CPU
		{8F4932ED-2678-4CDF-833B-B875DDA20074}.Release|Any CPU.ActiveCfg = Release|Any CPU
		{8F4932ED-2678-4CDF-833B-B875DDA20074}.Release|Any CPU.Build.0 = Release|Any CPU
	EndGlobalSection
	GlobalSection(SolutionProperties) = preSolution
		HideSolutionNode = FALSE
	EndGlobalSection
	GlobalSection(ExtensibilityGlobals) = postSolution
		SolutionGuid = {FA7D6964-FD50-444E-8049-2926A2CF020B}
	EndGlobalSection
EndGlobal
